<?xml version="1.0" encoding="utf-8"?>
<Project ToolsVersion="4.0" xmlns="http://schemas.microsoft.com/developer/msbuild/2003">
  <ItemGroup>
    <Filter Include="Source Files">
      <UniqueIdentifier>{4FC737F1-C7A5-4376-A066-2A32D752A2FF}</UniqueIdentifier>
      <Extensions>cpp;c;cc;cxx;def;odl;idl;hpj;bat;asm;asmx</Extensions>
    </Filter>
    <Filter Include="Header Files">
      <UniqueIdentifier>{93995380-89BD-4b04-88EB-625FBE52EBFB}</UniqueIdentifier>
      <Extensions>h;hh;hpp;hxx;hm;inl;inc;xsd</Extensions>
    </Filter>
    <Filter Include="Resource Files">
      <UniqueIdentifier>{67DA6AB6-F800-4c08-8B7A-83BB121AAD01}</UniqueIdentifier>
      <Extensions>rc;ico;cur;bmp;dlg;rc2;rct;bin;rgs;gif;jpg;jpeg;jpe;resx;tiff;tif;png;wav;mfcribbon-ms</Extensions>
    </Filter>
    <Filter Include="syntx">
      <UniqueIdentifier>{b50d7b4a-4783-4ccd-b44c-e039b228f3df}</UniqueIdentifier>
    </Filter>
  </ItemGroup>
  <ItemGroup>
    <ClCompile Include="..\..\generator\main.cpp">
      <Filter>Source Files</Filter>
    </ClCompile>
    <ClCompile Include="..\..\generator\ast_optimizer.cpp">
      <Filter>Source Files</Filter>
    </ClCompile>
    <ClCompile Include="..\..\generator\ast_node.cpp">
      <Filter>Source Files</Filter>
    </ClCompile>
    <ClCompile Include="..\..\generator\connection_normalform_generator.cpp">
      <Filter>Source Files</Filter>
    </ClCompile>
    <ClCompile Include="..\..\generator\block_generator.cpp">
      <Filter>Source Files</Filter>
    </ClCompile>
    <ClCompile Include="..\..\generator\generator.cpp">
      <Filter>Source Files</Filter>
    </ClCompile>
    <ClCompile Include="..\..\generator\syntx\alternation.cc">
      <Filter>syntx</Filter>
    </ClCompile>
    <ClCompile Include="..\..\generator\syntx\base_rule.cc">
      <Filter>syntx</Filter>
    </ClCompile>
    <ClCompile Include="..\..\generator\syntx\character.cc">
      <Filter>syntx</Filter>
    </ClCompile>
    <ClCompile Include="..\..\generator\syntx\concatenation.cc">
      <Filter>syntx</Filter>
    </ClCompile>
    <ClCompile Include="..\..\generator\syntx\eol.cc">
      <Filter>syntx</Filter>
    </ClCompile>
    <ClCompile Include="..\..\generator\syntx\identifier.cc">
      <Filter>syntx</Filter>
    </ClCompile>
    <ClCompile Include="..\..\generator\syntx\integer.cc">
      <Filter>syntx</Filter>
    </ClCompile>
    <ClCompile Include="..\..\generator\syntx\keyword.cc">
      <Filter>syntx</Filter>
    </ClCompile>
    <ClCompile Include="..\..\generator\syntx\option.cc">
      <Filter>syntx</Filter>
    </ClCompile>
    <ClCompile Include="..\..\generator\syntx\range.cc">
      <Filter>syntx</Filter>
    </ClCompile>
    <ClCompile Include="..\..\generator\syntx\real.cc">
      <Filter>syntx</Filter>
    </ClCompile>
    <ClCompile Include="..\..\generator\syntx\repetition.cc">
      <Filter>syntx</Filter>
    </ClCompile>
    <ClCompile Include="..\..\generator\syntx\repetition_or_epsilon.cc">
      <Filter>syntx</Filter>
    </ClCompile>
    <ClCompile Include="..\..\generator\syntx\rule.cc">
      <Filter>syntx</Filter>
    </ClCompile>
    <ClCompile Include="..\..\generator\syntx\search.cc">
      <Filter>syntx</Filter>
    </ClCompile>
    <ClCompile Include="..\..\generator\syntx\string.cc">
      <Filter>syntx</Filter>
    </ClCompile>
    <ClCompile Include="..\..\generator\syntx\substring.cc">
      <Filter>syntx</Filter>
    </ClCompile>
    <ClCompile Include="..\..\generator\syntx\whitespace.cc">
      <Filter>syntx</Filter>
    </ClCompile>
    <ClCompile Include="..\..\generator\syntx\whitespace_not_newline.cc">
      <Filter>syntx</Filter>
    </ClCompile>
    <ClCompile Include="..\..\generator\syntx\ltl.cc">
      <Filter>syntx</Filter>
    </ClCompile>
  </ItemGroup>
  <ItemGroup>
    <ClInclude Include="..\..\generator\ast_node.h">
      <Filter>Header Files</Filter>
    </ClInclude>
    <ClInclude Include="..\..\generator\ast_optimizer.h">
      <Filter>Header Files</Filter>
    </ClInclude>
    <ClInclude Include="..\..\generator\connection_normalform_generator.h">
      <Filter>Header Files</Filter>
    </ClInclude>
    <ClInclude Include="..\..\generator\block_generator.h">
      <Filter>Header Files</Filter>
    </ClInclude>
    <ClInclude Include="..\..\generator\generator.h">
      <Filter>Header Files</Filter>
    </ClInclude>
    <ClInclude Include="..\..\generator\syntx\alternation.h">
      <Filter>syntx</Filter>
    </ClInclude>
    <ClInclude Include="..\..\generator\syntx\ast_draw.h">
      <Filter>syntx</Filter>
    </ClInclude>
    <ClInclude Include="..\..\generator\syntx\base_rule.h">
      <Filter>syntx</Filter>
    </ClInclude>
    <ClInclude Include="..\..\generator\syntx\character.h">
      <Filter>syntx</Filter>
    </ClInclude>
    <ClInclude Include="..\..\generator\syntx\concatenation.h">
      <Filter>syntx</Filter>
    </ClInclude>
    <ClInclude Include="..\..\generator\syntx\debug_action.h">
      <Filter>syntx</Filter>
    </ClInclude>
    <ClInclude Include="..\..\generator\syntx\enum_set.h">
      <Filter>syntx</Filter>
    </ClInclude>
    <ClInclude Include="..\..\generator\syntx\eol.h">
      <Filter>syntx</Filter>
    </ClInclude>
    <ClInclude Include="..\..\generator\syntx\epsilon.h">
      <Filter>syntx</Filter>
    </ClInclude>
    <ClInclude Include="..\..\generator\syntx\identifier.h">
      <Filter>syntx</Filter>
    </ClInclude>
    <ClInclude Include="..\..\generator\syntx\integer.h">
      <Filter>syntx</Filter>
    </ClInclude>
    <ClInclude Include="..\..\generator\syntx\keyword.h">
      <Filter>syntx</Filter>
    </ClInclude>
    <ClInclude Include="..\..\generator\syntx\option.h">
      <Filter>syntx</Filter>
    </ClInclude>
    <ClInclude Include="..\..\generator\syntx\parser.h">
      <Filter>syntx</Filter>
    </ClInclude>
    <ClInclude Include="..\..\generator\syntx\range.h">
      <Filter>syntx</Filter>
    </ClInclude>
    <ClInclude Include="..\..\generator\syntx\real.h">
      <Filter>syntx</Filter>
    </ClInclude>
    <ClInclude Include="..\..\generator\syntx\repetition.h">
      <Filter>syntx</Filter>
    </ClInclude>
    <ClInclude Include="..\..\generator\syntx\repetition_or_epsilon.h">
      <Filter>syntx</Filter>
    </ClInclude>
    <ClInclude Include="..\..\generator\syntx\rule.h">
      <Filter>syntx</Filter>
    </ClInclude>
    <ClInclude Include="..\..\generator\syntx\search.h">
      <Filter>syntx</Filter>
    </ClInclude>
    <ClInclude Include="..\..\generator\syntx\string.h">
      <Filter>syntx</Filter>
    </ClInclude>
    <ClInclude Include="..\..\generator\syntx\substring.h">
      <Filter>syntx</Filter>
    </ClInclude>
    <ClInclude Include="..\..\generator\syntx\whitespace.h">
      <Filter>syntx</Filter>
    </ClInclude>
    <ClInclude Include="..\..\generator\syntx\whitespace_not_newline.h">
      <Filter>syntx</Filter>
    </ClInclude>
    <ClInclude Include="..\..\generator\syntx\language.h">
      <Filter>syntx</Filter>
    </ClInclude>
    <ClInclude Include="..\..\generator\syntx\ltl.h">
      <Filter>syntx</Filter>
    </ClInclude>
  </ItemGroup>
</Project>