<?xml version="1.0" encoding="utf-8"?>
<Project ToolsVersion="4.0" xmlns="http://schemas.microsoft.com/developer/msbuild/2003">
  <ItemGroup>
    <Filter Include="Source Files">
      <UniqueIdentifier>{4FC737F1-C7A5-4376-A066-2A32D752A2FF}</UniqueIdentifier>
      <Extensions>cpp;c;cc;cxx;def;odl;idl;hpj;bat;asm;asmx</Extensions>
    </Filter>
    <Filter Include="Header Files">
      <UniqueIdentifier>{93995380-89BD-4b04-88EB-625FBE52EBFB}</UniqueIdentifier>
      <Extensions>h;hh;hpp;hxx;hm;inl;inc;xsd</Extensions>
    </Filter>
    <Filter Include="Resource Files">
      <UniqueIdentifier>{67DA6AB6-F800-4c08-8B7A-83BB121AAD01}</UniqueIdentifier>
      <Extensions>rc;ico;cur;bmp;dlg;rc2;rct;bin;rgs;gif;jpg;jpeg;jpe;resx;tiff;tif;png;wav;mfcribbon-ms</Extensions>
    </Filter>
  </ItemGroup>
  <ItemGroup>
    <Text Include="ReadMe.txt" />
  </ItemGroup>
  <ItemGroup>
    <ClCompile Include="..\util\parser\alternation.cc">
      <Filter>Source Files</Filter>
    </ClCompile>
    <ClCompile Include="..\util\parser\ast_draw.cc">
      <Filter>Source Files</Filter>
    </ClCompile>
    <ClCompile Include="..\util\parser\base_rule.cc">
      <Filter>Source Files</Filter>
    </ClCompile>
    <ClCompile Include="..\util\parser\character.cc">
      <Filter>Source Files</Filter>
    </ClCompile>
    <ClCompile Include="..\util\parser\concatenation.cc">
      <Filter>Source Files</Filter>
    </ClCompile>
    <ClCompile Include="..\util\parser\eol.cc">
      <Filter>Source Files</Filter>
    </ClCompile>
    <ClCompile Include="..\util\parser\identifier.cc">
      <Filter>Source Files</Filter>
    </ClCompile>
    <ClCompile Include="..\util\parser\integer.cc">
      <Filter>Source Files</Filter>
    </ClCompile>
    <ClCompile Include="..\util\parser\keyword.cc">
      <Filter>Source Files</Filter>
    </ClCompile>
    <ClCompile Include="..\util\parser\option.cc">
      <Filter>Source Files</Filter>
    </ClCompile>
    <ClCompile Include="..\util\parser\range.cc">
      <Filter>Source Files</Filter>
    </ClCompile>
    <ClCompile Include="..\util\parser\real.cc">
      <Filter>Source Files</Filter>
    </ClCompile>
    <ClCompile Include="..\util\parser\repetition.cc">
      <Filter>Source Files</Filter>
    </ClCompile>
    <ClCompile Include="..\util\parser\repetition_or_epsilon.cc">
      <Filter>Source Files</Filter>
    </ClCompile>
    <ClCompile Include="..\util\parser\rule.cc">
      <Filter>Source Files</Filter>
    </ClCompile>
    <ClCompile Include="..\util\parser\search.cc">
      <Filter>Source Files</Filter>
    </ClCompile>
    <ClCompile Include="..\util\parser\string.cc">
      <Filter>Source Files</Filter>
    </ClCompile>
    <ClCompile Include="..\util\parser\substring.cc">
      <Filter>Source Files</Filter>
    </ClCompile>
    <ClCompile Include="..\util\parser\whitespace.cc">
      <Filter>Source Files</Filter>
    </ClCompile>
    <ClCompile Include="..\util\parser\whitespace_not_newline.cc">
      <Filter>Source Files</Filter>
    </ClCompile>
  </ItemGroup>
  <ItemGroup>
    <ClInclude Include="..\util\parser\alternation.h">
      <Filter>Header Files</Filter>
    </ClInclude>
    <ClInclude Include="..\util\parser\ast_draw.h">
      <Filter>Header Files</Filter>
    </ClInclude>
    <ClInclude Include="..\util\parser\base_rule.h">
      <Filter>Header Files</Filter>
    </ClInclude>
    <ClInclude Include="..\util\parser\character.h">
      <Filter>Header Files</Filter>
    </ClInclude>
    <ClInclude Include="..\util\parser\concatenation.h">
      <Filter>Header Files</Filter>
    </ClInclude>
    <ClInclude Include="..\util\parser\debug_action.h">
      <Filter>Header Files</Filter>
    </ClInclude>
    <ClInclude Include="..\util\parser\eol.h">
      <Filter>Header Files</Filter>
    </ClInclude>
    <ClInclude Include="..\util\parser\epsilon.h">
      <Filter>Header Files</Filter>
    </ClInclude>
    <ClInclude Include="..\util\parser\identifier.h">
      <Filter>Header Files</Filter>
    </ClInclude>
    <ClInclude Include="..\util\parser\integer.h">
      <Filter>Header Files</Filter>
    </ClInclude>
    <ClInclude Include="..\util\parser\keyword.h">
      <Filter>Header Files</Filter>
    </ClInclude>
    <ClInclude Include="..\util\parser\option.h">
      <Filter>Header Files</Filter>
    </ClInclude>
    <ClInclude Include="..\util\parser\parser.h">
      <Filter>Header Files</Filter>
    </ClInclude>
    <ClInclude Include="..\util\parser\range.h">
      <Filter>Header Files</Filter>
    </ClInclude>
    <ClInclude Include="..\util\parser\real.h">
      <Filter>Header Files</Filter>
    </ClInclude>
    <ClInclude Include="..\util\parser\repetition.h">
      <Filter>Header Files</Filter>
    </ClInclude>
    <ClInclude Include="..\util\parser\repetition_or_epsilon.h">
      <Filter>Header Files</Filter>
    </ClInclude>
    <ClInclude Include="..\util\parser\rule.h">
      <Filter>Header Files</Filter>
    </ClInclude>
    <ClInclude Include="..\util\parser\search.h">
      <Filter>Header Files</Filter>
    </ClInclude>
    <ClInclude Include="..\util\parser\string.h">
      <Filter>Header Files</Filter>
    </ClInclude>
    <ClInclude Include="..\util\parser\substring.h">
      <Filter>Header Files</Filter>
    </ClInclude>
    <ClInclude Include="..\util\parser\whitespace.h">
      <Filter>Header Files</Filter>
    </ClInclude>
    <ClInclude Include="..\util\parser\whitespace_not_newline.h">
      <Filter>Header Files</Filter>
    </ClInclude>
    <ClInclude Include="..\util\enum_set.h">
      <Filter>Header Files</Filter>
    </ClInclude>
  </ItemGroup>
</Project>